// !$*UTF8*$!
{
	archiveVersion = 1;
	classes = {
	};
	objectVersion = 56;
	objects = {

/* Begin PBXBuildFile section */
		42A5E7B92A8AA0DC00261EE6 /* PlanetasApp.swift in Sources */ = {isa = PBXBuildFile; fileRef = 42A5E7B82A8AA0DC00261EE6 /* PlanetasApp.swift */; };
		42A5E7BD2A8AA0DD00261EE6 /* Assets.xcassets in Resources */ = {isa = PBXBuildFile; fileRef = 42A5E7BC2A8AA0DD00261EE6 /* Assets.xcassets */; };
		42A5E7C02A8AA0DD00261EE6 /* Preview Assets.xcassets in Resources */ = {isa = PBXBuildFile; fileRef = 42A5E7BF2A8AA0DD00261EE6 /* Preview Assets.xcassets */; };
		42A5E7C72A8AA10200261EE6 /* PlanetsView.swift in Sources */ = {isa = PBXBuildFile; fileRef = 42A5E7C62A8AA10200261EE6 /* PlanetsView.swift */; };
		42A5E7C92A8AA53C00261EE6 /* PlanetsViewModel.swift in Sources */ = {isa = PBXBuildFile; fileRef = 42A5E7C82A8AA53C00261EE6 /* PlanetsViewModel.swift */; };
		42A5E7CB2A8AA5FC00261EE6 /* Planet.swift in Sources */ = {isa = PBXBuildFile; fileRef = 42A5E7CA2A8AA5FC00261EE6 /* Planet.swift */; };
		42A5E7CD2A8AAA4700261EE6 /* PlanetView.swift in Sources */ = {isa = PBXBuildFile; fileRef = 42A5E7CC2A8AAA4700261EE6 /* PlanetView.swift */; };
		42C2DEA92C2164470085D51C /* Mock.swift in Sources */ = {isa = PBXBuildFile; fileRef = 42C2DEA82C2164470085D51C /* Mock.swift */; };
/* End PBXBuildFile section */

/* Begin PBXFileReference section */
		42A5E7B52A8AA0DC00261EE6 /* Planetas.app */ = {isa = PBXFileReference; explicitFileType = wrapper.application; includeInIndex = 0; path = Planetas.app; sourceTree = BUILT_PRODUCTS_DIR; };
		42A5E7B82A8AA0DC00261EE6 /* PlanetasApp.swift */ = {isa = PBXFileReference; lastKnownFileType = sourcecode.swift; path = PlanetasApp.swift; sourceTree = "<group>"; };
		42A5E7BC2A8AA0DD00261EE6 /* Assets.xcassets */ = {isa = PBXFileReference; lastKnownFileType = folder.assetcatalog; path = Assets.xcassets; sourceTree = "<group>"; };
		42A5E7BF2A8AA0DD00261EE6 /* Preview Assets.xcassets */ = {isa = PBXFileReference; lastKnownFileType = folder.assetcatalog; path = "Preview Assets.xcassets"; sourceTree = "<group>"; };
		42A5E7C62A8AA10200261EE6 /* PlanetsView.swift */ = {isa = PBXFileReference; lastKnownFileType = sourcecode.swift; path = PlanetsView.swift; sourceTree = "<group>"; };
		42A5E7C82A8AA53C00261EE6 /* PlanetsViewModel.swift */ = {isa = PBXFileReference; lastKnownFileType = sourcecode.swift; path = PlanetsViewModel.swift; sourceTree = "<group>"; };
		42A5E7CA2A8AA5FC00261EE6 /* Planet.swift */ = {isa = PBXFileReference; lastKnownFileType = sourcecode.swift; path = Planet.swift; sourceTree = "<group>"; };
		42A5E7CC2A8AAA4700261EE6 /* PlanetView.swift */ = {isa = PBXFileReference; lastKnownFileType = sourcecode.swift; path = PlanetView.swift; sourceTree = "<group>"; };
		42C2DEA82C2164470085D51C /* Mock.swift */ = {isa = PBXFileReference; lastKnownFileType = sourcecode.swift; path = Mock.swift; sourceTree = "<group>"; };
/* End PBXFileReference section */

/* Begin PBXFrameworksBuildPhase section */
		42A5E7B22A8AA0DC00261EE6 /* Frameworks */ = {
			isa = PBXFrameworksBuildPhase;
			buildActionMask = 2147483647;
			files = (
			);
			runOnlyForDeploymentPostprocessing = 0;
		};
/* End PBXFrameworksBuildPhase section */

/* Begin PBXGroup section */
		42A5E7AC2A8AA0DC00261EE6 = {
			isa = PBXGroup;
			children = (
				42A5E7B72A8AA0DC00261EE6 /* Planetas */,
				42A5E7B62A8AA0DC00261EE6 /* Products */,
			);
			sourceTree = "<group>";
		};
		42A5E7B62A8AA0DC00261EE6 /* Products */ = {
			isa = PBXGroup;
			children = (
				42A5E7B52A8AA0DC00261EE6 /* Planetas.app */,
			);
			name = Products;
			sourceTree = "<group>";
		};
		42A5E7B72A8AA0DC00261EE6 /* Planetas */ = {
			isa = PBXGroup;
			children = (
				42A5E7B82A8AA0DC00261EE6 /* PlanetasApp.swift */,
				42A5E7C82A8AA53C00261EE6 /* PlanetsViewModel.swift */,
				42A5E7C62A8AA10200261EE6 /* PlanetsView.swift */,
				42A5E7CC2A8AAA4700261EE6 /* PlanetView.swift */,
				42A5E7CA2A8AA5FC00261EE6 /* Planet.swift */,
				42C2DEA82C2164470085D51C /* Mock.swift */,
				42A5E7BC2A8AA0DD00261EE6 /* Assets.xcassets */,
				42A5E7BE2A8AA0DD00261EE6 /* Preview Content */,
			);
			path = Planetas;
			sourceTree = "<group>";
		};
		42A5E7BE2A8AA0DD00261EE6 /* Preview Content */ = {
			isa = PBXGroup;
			children = (
				42A5E7BF2A8AA0DD00261EE6 /* Preview Assets.xcassets */,
			);
			path = "Preview Content";
			sourceTree = "<group>";
		};
/* End PBXGroup section */

/* Begin PBXNativeTarget section */
		42A5E7B42A8AA0DC00261EE6 /* Planetas */ = {
			isa = PBXNativeTarget;
			buildConfigurationList = 42A5E7C32A8AA0DD00261EE6 /* Build configuration list for PBXNativeTarget "Planetas" */;
			buildPhases = (
				42A5E7B12A8AA0DC00261EE6 /* Sources */,
				42A5E7B22A8AA0DC00261EE6 /* Frameworks */,
				42A5E7B32A8AA0DC00261EE6 /* Resources */,
			);
			buildRules = (
			);
			dependencies = (
			);
			name = Planetas;
			productName = Planetas;
			productReference = 42A5E7B52A8AA0DC00261EE6 /* Planetas.app */;
			productType = "com.apple.product-type.application";
		};
/* End PBXNativeTarget section */

/* Begin PBXProject section */
		42A5E7AD2A8AA0DC00261EE6 /* Project object */ = {
			isa = PBXProject;
			attributes = {
				BuildIndependentTargetsInParallel = 1;
				LastSwiftUpdateCheck = 1430;
				LastUpgradeCheck = 1430;
				TargetAttributes = {
					42A5E7B42A8AA0DC00261EE6 = {
						CreatedOnToolsVersion = 14.3.1;
					};
				};
			};
			buildConfigurationList = 42A5E7B02A8AA0DC00261EE6 /* Build configuration list for PBXProject "Planetas" */;
			compatibilityVersion = "Xcode 14.0";
			developmentRegion = en;
			hasScannedForEncodings = 0;
			knownRegions = (
				en,
				Base,
			);
			mainGroup = 42A5E7AC2A8AA0DC00261EE6;
			productRefGroup = 42A5E7B62A8AA0DC00261EE6 /* Products */;
			projectDirPath = "";
			projectRoot = "";
			targets = (
				42A5E7B42A8AA0DC00261EE6 /* Planetas */,
			);
		};
/* End PBXProject section */

/* Begin PBXResourcesBuildPhase section */
		42A5E7B32A8AA0DC00261EE6 /* Resources */ = {
			isa = PBXResourcesBuildPhase;
			buildActionMask = 2147483647;
			files = (
				42A5E7C02A8AA0DD00261EE6 /* Preview Assets.xcassets in Resources */,
				42A5E7BD2A8AA0DD00261EE6 /* Assets.xcassets in Resources */,
			);
			runOnlyForDeploymentPostprocessing = 0;
		};
/* End PBXResourcesBuildPhase section */

/* Begin PBXSourcesBuildPhase section */
		42A5E7B12A8AA0DC00261EE6 /* Sources */ = {
			isa = PBXSourcesBuildPhase;
			buildActionMask = 2147483647;
			files = (
				42A5E7C92A8AA53C00261EE6 /* PlanetsViewModel.swift in Sources */,
				42A5E7C72A8AA10200261EE6 /* PlanetsView.swift in Sources */,
				42A5E7CD2A8AAA4700261EE6 /* PlanetView.swift in Sources */,
				42A5E7B92A8AA0DC00261EE6 /* PlanetasApp.swift in Sources */,
				42A5E7CB2A8AA5FC00261EE6 /* Planet.swift in Sources */,
				42C2DEA92C2164470085D51C /* Mock.swift in Sources */,
			);
			runOnlyForDeploymentPostprocessing = 0;
		};
/* End PBXSourcesBuildPhase section */

/* Begin XCBuildConfiguration section */
		42A5E7C12A8AA0DD00261EE6 /* Debug */ = {
			isa = XCBuildConfiguration;
			buildSettings = {
				ALWAYS_SEARCH_USER_PATHS = NO;
				CLANG_ANALYZER_NONNULL = YES;
				CLANG_ANALYZER_NUMBER_OBJECT_CONVERSION = YES_AGGRESSIVE;
				CLANG_CXX_LANGUAGE_STANDARD = "gnu++20";
				CLANG_ENABLE_MODULES = YES;
				CLANG_ENABLE_OBJC_ARC = YES;
				CLANG_ENABLE_OBJC_WEAK = YES;
				CLANG_WARN_BLOCK_CAPTURE_AUTORELEASING = YES;
				CLANG_WARN_BOOL_CONVERSION = YES;
				CLANG_WARN_COMMA = YES;
				CLANG_WARN_CONSTANT_CONVERSION = YES;
				CLANG_WARN_DEPRECATED_OBJC_IMPLEMENTATIONS = YES;
				CLANG_WARN_DIRECT_OBJC_ISA_USAGE = YES_ERROR;
				CLANG_WARN_DOCUMENTATION_COMMENTS = YES;
				CLANG_WARN_EMPTY_BODY = YES;
				CLANG_WARN_ENUM_CONVERSION = YES;
				CLANG_WARN_INFINITE_RECURSION = YES;
				CLANG_WARN_INT_CONVERSION = YES;
				CLANG_WARN_NON_LITERAL_NULL_CONVERSION = YES;
				CLANG_WARN_OBJC_IMPLICIT_RETAIN_SELF = YES;
				CLANG_WARN_OBJC_LITERAL_CONVERSION = YES;
				CLANG_WARN_OBJC_ROOT_CLASS = YES_ERROR;
				CLANG_WARN_QUOTED_INCLUDE_IN_FRAMEWORK_HEADER = YES;
				CLANG_WARN_RANGE_LOOP_ANALYSIS = YES;
				CLANG_WARN_STRICT_PROTOTYPES = YES;
				CLANG_WARN_SUSPICIOUS_MOVE = YES;
				CLANG_WARN_UNGUARDED_AVAILABILITY = YES_AGGRESSIVE;
				CLANG_WARN_UNREACHABLE_CODE = YES;
				CLANG_WARN__DUPLICATE_METHOD_MATCH = YES;
				COPY_PHASE_STRIP = NO;
				DEBUG_INFORMATION_FORMAT = dwarf;
				ENABLE_STRICT_OBJC_MSGSEND = YES;
				ENABLE_TESTABILITY = YES;
				GCC_C_LANGUAGE_STANDARD = gnu11;
				GCC_DYNAMIC_NO_PIC = NO;
				GCC_NO_COMMON_BLOCKS = YES;
				GCC_OPTIMIZATION_LEVEL = 0;
				GCC_PREPROCESSOR_DEFINITIONS = (
					"DEBUG=1",
					"$(inherited)",
				);
				GCC_WARN_64_TO_32_BIT_CONVERSION = YES;
				GCC_WARN_ABOUT_RETURN_TYPE = YES_ERROR;
				GCC_WARN_UNDECLARED_SELECTOR = YES;
				GCC_WARN_UNINITIALIZED_AUTOS = YES_AGGRESSIVE;
				GCC_WARN_UNUSED_FUNCTION = YES;
				GCC_WARN_UNUSED_VARIABLE = YES;
				IPHONEOS_DEPLOYMENT_TARGET = 17.0;
				MTL_ENABLE_DEBUG_INFO = INCLUDE_SOURCE;
				MTL_FAST_MATH = YES;
				ONLY_ACTIVE_ARCH = YES;
				SDKROOT = iphoneos;
				SWIFT_ACTIVE_COMPILATION_CONDITIONS = DEBUG;
				SWIFT_OPTIMIZATION_LEVEL = "-Onone";
			};
			name = Debug;
		};
		42A5E7C22A8AA0DD00261EE6 /* Release */ = {
			isa = XCBuildConfiguration;
			buildSettings = {
				ALWAYS_SEARCH_USER_PATHS = NO;
				CLANG_ANALYZER_NONNULL = YES;
				CLANG_ANALYZER_NUMBER_OBJECT_CONVERSION = YES_AGGRESSIVE;
				CLANG_CXX_LANGUAGE_STANDARD = "gnu++20";
				CLANG_ENABLE_MODULES = YES;
				CLANG_ENABLE_OBJC_ARC = YES;
				CLANG_ENABLE_OBJC_WEAK = YES;
				CLANG_WARN_BLOCK_CAPTURE_AUTORELEASING = YES;
				CLANG_WARN_BOOL_CONVERSION = YES;
				CLANG_WARN_COMMA = YES;
				CLANG_WARN_CONSTANT_CONVERSION = YES;
				CLANG_WARN_DEPRECATED_OBJC_IMPLEMENTATIONS = YES;
				CLANG_WARN_DIRECT_OBJC_ISA_USAGE = YES_ERROR;
				CLANG_WARN_DOCUMENTATION_COMMENTS = YES;
				CLANG_WARN_EMPTY_BODY = YES;
				CLANG_WARN_ENUM_CONVERSION = YES;
				CLANG_WARN_INFINITE_RECURSION = YES;
				CLANG_WARN_INT_CONVERSION = YES;
				CLANG_WARN_NON_LITERAL_NULL_CONVERSION = YES;
				CLANG_WARN_OBJC_IMPLICIT_RETAIN_SELF = YES;
				CLANG_WARN_OBJC_LITERAL_CONVERSION = YES;
				CLANG_WARN_OBJC_ROOT_CLASS = YES_ERROR;
				CLANG_WARN_QUOTED_INCLUDE_IN_FRAMEWORK_HEADER = YES;
				CLANG_WARN_RANGE_LOOP_ANALYSIS = YES;
				CLANG_WARN_STRICT_PROTOTYPES = YES;
				CLANG_WARN_SUSPICIOUS_MOVE = YES;
				CLANG_WARN_UNGUARDED_AVAILABILITY = YES_AGGRESSIVE;
				CLANG_WARN_UNREACHABLE_CODE = YES;
				CLANG_WARN__DUPLICATE_METHOD_MATCH = YES;
				COPY_PHASE_STRIP = NO;
				DEBUG_INFORMATION_FORMAT = "dwarf-with-dsym";
				ENABLE_NS_ASSERTIONS = NO;
				ENABLE_STRICT_OBJC_MSGSEND = YES;
				GCC_C_LANGUAGE_STANDARD = gnu11;
				GCC_NO_COMMON_BLOCKS = YES;
				GCC_WARN_64_TO_32_BIT_CONVERSION = YES;
				GCC_WARN_ABOUT_RETURN_TYPE = YES_ERROR;
				GCC_WARN_UNDECLARED_SELECTOR = YES;
				GCC_WARN_UNINITIALIZED_AUTOS = YES_AGGRESSIVE;
				GCC_WARN_UNUSED_FUNCTION = YES;
				GCC_WARN_UNUSED_VARIABLE = YES;
				IPHONEOS_DEPLOYMENT_TARGET = 17.0;
				MTL_ENABLE_DEBUG_INFO = NO;
				MTL_FAST_MATH = YES;
				SDKROOT = iphoneos;
				SWIFT_COMPILATION_MODE = wholemodule;
				SWIFT_OPTIMIZATION_LEVEL = "-O";
				VALIDATE_PRODUCT = YES;
			};
			name = Release;
		};
		42A5E7C42A8AA0DD00261EE6 /* Debug */ = {
			isa = XCBuildConfiguration;
			buildSettings = {
				ASSETCATALOG_COMPILER_APPICON_NAME = AppIcon;
				ASSETCATALOG_COMPILER_GLOBAL_ACCENT_COLOR_NAME = AccentColor;
				CODE_SIGN_STYLE = Automatic;
				CURRENT_PROJECT_VERSION = 1;
				DEVELOPMENT_ASSET_PATHS = "\"Planetas/Preview Content\"";
				DEVELOPMENT_TEAM = "";
				ENABLE_PREVIEWS = YES;
				GENERATE_INFOPLIST_FILE = YES;
				INFOPLIST_KEY_CFBundleDisplayName = Planetas;
				INFOPLIST_KEY_UIApplicationSceneManifest_Generation = YES;
				INFOPLIST_KEY_UIApplicationSupportsIndirectInputEvents = YES;
				INFOPLIST_KEY_UILaunchScreen_Generation = YES;
				INFOPLIST_KEY_UISupportedInterfaceOrientations_iPad = "UIInterfaceOrientationPortrait UIInterfaceOrientationPortraitUpsideDown UIInterfaceOrientationLandscapeLeft UIInterfaceOrientationLandscapeRight";
				INFOPLIST_KEY_UISupportedInterfaceOrientations_iPhone = "UIInterfaceOrientationPortrait UIInterfaceOrientationLandscapeLeft UIInterfaceOrientationLandscapeRight";
				IPHONEOS_DEPLOYMENT_TARGET = 17.0;
				LD_RUNPATH_SEARCH_PATHS = (
					"$(inherited)",
					"@executable_path/Frameworks",
				);
				MARKETING_VERSION = 1.0;
				PRODUCT_BUNDLE_IDENTIFIER = mx.tec.planetas;
				PRODUCT_NAME = "$(TARGET_NAME)";
				SUPPORTED_PLATFORMS = "iphoneos iphonesimulator xros xrsimulator";
				SUPPORTS_MACCATALYST = NO;
				SUPPORTS_XR_DESIGNED_FOR_IPHONE_IPAD = NO;
				SWIFT_EMIT_LOC_STRINGS = YES;
				SWIFT_VERSION = 5.0;
				TARGETED_DEVICE_FAMILY = "1,2,7";
				XROS_DEPLOYMENT_TARGET = 1.0;
			};
			name = Debug;
		};
		42A5E7C52A8AA0DD00261EE6 /* Release */ = {
			isa = XCBuildConfiguration;
			buildSettings = {
				ASSETCATALOG_COMPILER_APPICON_NAME = AppIcon;
				ASSETCATALOG_COMPILER_GLOBAL_ACCENT_COLOR_NAME = AccentColor;
				CODE_SIGN_STYLE = Automatic;
				CURRENT_PROJECT_VERSION = 1;
				DEVELOPMENT_ASSET_PATHS = "\"Planetas/Preview Content\"";
				DEVELOPMENT_TEAM = "";
				ENABLE_PREVIEWS = YES;
				GENERATE_INFOPLIST_FILE = YES;
				INFOPLIST_KEY_CFBundleDisplayName = Planetas;
				INFOPLIST_KEY_UIApplicationSceneManifest_Generation = YES;
				INFOPLIST_KEY_UIApplicationSupportsIndirectInputEvents = YES;
				INFOPLIST_KEY_UILaunchScreen_Generation = YES;
				INFOPLIST_KEY_UISupportedInterfaceOrientations_iPad = "UIInterfaceOrientationPortrait UIInterfaceOrientationPortraitUpsideDown UIInterfaceOrientationLandscapeLeft UIInterfaceOrientationLandscapeRight";
				INFOPLIST_KEY_UISupportedInterfaceOrientations_iPhone = "UIInterfaceOrientationPortrait UIInterfaceOrientationLandscapeLeft UIInterfaceOrientationLandscapeRight";
				IPHONEOS_DEPLOYMENT_TARGET = 17.0;
				LD_RUNPATH_SEARCH_PATHS = (
					"$(inherited)",
					"@executable_path/Frameworks",
				);
				MARKETING_VERSION = 1.0;
				PRODUCT_BUNDLE_IDENTIFIER = mx.tec.planetas;
				PRODUCT_NAME = "$(TARGET_NAME)";
				SUPPORTED_PLATFORMS = "iphoneos iphonesimulator xros xrsimulator";
				SUPPORTS_MACCATALYST = NO;
				SUPPORTS_XR_DESIGNED_FOR_IPHONE_IPAD = NO;
				SWIFT_EMIT_LOC_STRINGS = YES;
				SWIFT_VERSION = 5.0;
				TARGETED_DEVICE_FAMILY = "1,2,7";
				XROS_DEPLOYMENT_TARGET = 1.0;
			};
			name = Release;
		};
/* End XCBuildConfiguration section */

/* Begin XCConfigurationList section */
		42A5E7B02A8AA0DC00261EE6 /* Build configuration list for PBXProject "Planetas" */ = {
			isa = XCConfigurationList;
			buildConfigurations = (
				42A5E7C12A8AA0DD00261EE6 /* Debug */,
				42A5E7C22A8AA0DD00261EE6 /* Release */,
			);
			defaultConfigurationIsVisible = 0;
			defaultConfigurationName = Release;
		};
		42A5E7C32A8AA0DD00261EE6 /* Build configuration list for PBXNativeTarget "Planetas" */ = {
			isa = XCConfigurationList;
			buildConfigurations = (
				42A5E7C42A8AA0DD00261EE6 /* Debug */,
				42A5E7C52A8AA0DD00261EE6 /* Release */,
			);
			defaultConfigurationIsVisible = 0;
			defaultConfigurationName = Release;
		};
/* End XCConfigurationList section */
	};
	rootObject = 42A5E7AD2A8AA0DC00261EE6 /* Project object */;
}
